
Microsoft Visual Studio Solution File, Format Version 12.00
# Visual Studio Version 17
VisualStudioVersion = 17.11.35303.130
MinimumVisualStudioVersion = 10.0.40219.1
Project("{FAE04EC0-301F-11D3-BF4B-00C04F79EFBC}") = "DocumentManager.Web", "DocumentManager.Web\DocumentManager.Web.csproj", "{D55F6F9F-AD23-40A9-A42B-DA2E27670975}"
EndProject
Project("{FAE04EC0-301F-11D3-BF4B-00C04F79EFBC}") = "DocumentManager.Core", "DocumentManager.Core\DocumentManager.Core.csproj", "{90D77BA0-6359-4831-9551-AE5DB4364FF4}"
EndProject
Project("{FAE04EC0-301F-11D3-BF4B-00C04F79EFBC}") = "DocumentManager.Infrastructure", "DocumentManager.Infrastructure\DocumentManager.Infrastructure.csproj", "{0930BFA8-ADEE-41EA-B517-99F702EF3E2C}"
EndProject
Global
	GlobalSection(SolutionConfigurationPlatforms) = preSolution
		Debug|Any CPU = Debug|Any CPU
		Release|Any CPU = Release|Any CPU
	EndGlobalSection
	GlobalSection(ProjectConfigurationPlatforms) = postSolution
		{D55F6F9F-AD23-40A9-A42B-DA2E27670975}.Debug|Any CPU.ActiveCfg = Debug|Any CPU
		{D55F6F9F-AD23-40A9-A42B-DA2E27670975}.Debug|Any CPU.Build.0 = Debug|Any CPU
		{D55F6F9F-AD23-40A9-A42B-DA2E27670975}.Release|Any CPU.ActiveCfg = Release|Any CPU
		{D55F6F9F-AD23-40A9-A42B-DA2E27670975}.Release|Any CPU.Build.0 = Release|Any CPU
		{90D77BA0-6359-4831-9551-AE5DB4364FF4}.Debug|Any CPU.ActiveCfg = Debug|Any CPU
		{90D77BA0-6359-4831-9551-AE5DB4364FF4}.Debug|Any CPU.Build.0 = Debug|Any CPU
		{90D77BA0-6359-4831-9551-AE5DB4364FF4}.Release|Any CPU.ActiveCfg = Release|Any CPU
		{90D77BA0-6359-4831-9551-AE5DB4364FF4}.Release|Any CPU.Build.0 = Release|Any CPU
		{0930BFA8-ADEE-41EA-B517-99F702EF3E2C}.Debug|Any CPU.ActiveCfg = Debug|Any CPU
		{0930BFA8-ADEE-41EA-B517-99F702EF3E2C}.Debug|Any CPU.Build.0 = Debug|Any CPU
		{0930BFA8-ADEE-41EA-B517-99F702EF3E2C}.Release|Any CPU.ActiveCfg = Release|Any CPU
		{0930BFA8-ADEE-41EA-B517-99F702EF3E2C}.Release|Any CPU.Build.0 = Release|Any CPU
	EndGlobalSection
	GlobalSection(SolutionProperties) = preSolution
		HideSolutionNode = FALSE
	EndGlobalSection
	GlobalSection(ExtensibilityGlobals) = postSolution
		SolutionGuid = {9C5BBA97-F132-4545-B105-477E332FBF3A}
	EndGlobalSection
EndGlobal
